// !$*UTF8*$!
{
	archiveVersion = 1;
	classes = {
	};
	objectVersion = 46;
	objects = {

/* Begin PBXBuildFile section */
		90B86A911A3259F4000266D6 /* Async.h in Headers */ = {isa = PBXBuildFile; fileRef = 90B86A901A3259F4000266D6 /* Async.h */; settings = {ATTRIBUTES = (Public, ); }; };
		90B86A971A3259F4000266D6 /* Async.framework in Frameworks */ = {isa = PBXBuildFile; fileRef = 90B86A8B1A3259F4000266D6 /* Async.framework */; };
		90B86A9E1A3259F4000266D6 /* AsyncTests.swift in Sources */ = {isa = PBXBuildFile; fileRef = 90B86A9D1A3259F4000266D6 /* AsyncTests.swift */; };
		90B86AA81A325A31000266D6 /* Async.swift in Sources */ = {isa = PBXBuildFile; fileRef = 90B86AA71A325A31000266D6 /* Async.swift */; };
/* End PBXBuildFile section */

/* Begin PBXContainerItemProxy section */
		90B86A981A3259F4000266D6 /* PBXContainerItemProxy */ = {
			isa = PBXContainerItemProxy;
			containerPortal = 90B86A821A3259F4000266D6 /* Project object */;
			proxyType = 1;
			remoteGlobalIDString = 90B86A8A1A3259F4000266D6;
			remoteInfo = Async;
		};
/* End PBXContainerItemProxy section */

/* Begin PBXFileReference section */
		90B86A8B1A3259F4000266D6 /* Async.framework */ = {isa = PBXFileReference; explicitFileType = wrapper.framework; includeInIndex = 0; path = Async.framework; sourceTree = BUILT_PRODUCTS_DIR; };
		90B86A8F1A3259F4000266D6 /* Info.plist */ = {isa = PBXFileReference; lastKnownFileType = text.plist.xml; path = Info.plist; sourceTree = "<group>"; };
		90B86A901A3259F4000266D6 /* Async.h */ = {isa = PBXFileReference; lastKnownFileType = sourcecode.c.h; path = Async.h; sourceTree = "<group>"; };
		90B86A961A3259F4000266D6 /* AsyncTests.xctest */ = {isa = PBXFileReference; explicitFileType = wrapper.cfbundle; includeInIndex = 0; path = AsyncTests.xctest; sourceTree = BUILT_PRODUCTS_DIR; };
		90B86A9C1A3259F4000266D6 /* Info.plist */ = {isa = PBXFileReference; lastKnownFileType = text.plist.xml; path = Info.plist; sourceTree = "<group>"; };
		90B86A9D1A3259F4000266D6 /* AsyncTests.swift */ = {isa = PBXFileReference; lastKnownFileType = sourcecode.swift; path = AsyncTests.swift; sourceTree = "<group>"; };
		90B86AA71A325A31000266D6 /* Async.swift */ = {isa = PBXFileReference; fileEncoding = 4; lastKnownFileType = sourcecode.swift; name = Async.swift; path = ../../Async.swift; sourceTree = "<group>"; };
/* End PBXFileReference section */

/* Begin PBXFrameworksBuildPhase section */
		90B86A871A3259F4000266D6 /* Frameworks */ = {
			isa = PBXFrameworksBuildPhase;
			buildActionMask = 2147483647;
			files = (
			);
			runOnlyForDeploymentPostprocessing = 0;
		};
		90B86A931A3259F4000266D6 /* Frameworks */ = {
			isa = PBXFrameworksBuildPhase;
			buildActionMask = 2147483647;
			files = (
				90B86A971A3259F4000266D6 /* Async.framework in Frameworks */,
			);
			runOnlyForDeploymentPostprocessing = 0;
		};
/* End PBXFrameworksBuildPhase section */

/* Begin PBXGroup section */
		90B86A811A3259F4000266D6 = {
			isa = PBXGroup;
			children = (
				90B86A8D1A3259F4000266D6 /* Async */,
				90B86A9A1A3259F4000266D6 /* AsyncTests */,
				90B86A8C1A3259F4000266D6 /* Products */,
			);
			sourceTree = "<group>";
		};
		90B86A8C1A3259F4000266D6 /* Products */ = {
			isa = PBXGroup;
			children = (
				90B86A8B1A3259F4000266D6 /* Async.framework */,
				90B86A961A3259F4000266D6 /* AsyncTests.xctest */,
			);
			name = Products;
			sourceTree = "<group>";
		};
		90B86A8D1A3259F4000266D6 /* Async */ = {
			isa = PBXGroup;
			children = (
				90B86A901A3259F4000266D6 /* Async.h */,
				90B86AA71A325A31000266D6 /* Async.swift */,
				90B86A8E1A3259F4000266D6 /* Supporting Files */,
			);
			path = Async;
			sourceTree = "<group>";
		};
		90B86A8E1A3259F4000266D6 /* Supporting Files */ = {
			isa = PBXGroup;
			children = (
				90B86A8F1A3259F4000266D6 /* Info.plist */,
			);
			name = "Supporting Files";
			sourceTree = "<group>";
		};
		90B86A9A1A3259F4000266D6 /* AsyncTests */ = {
			isa = PBXGroup;
			children = (
				90B86A9D1A3259F4000266D6 /* AsyncTests.swift */,
				90B86A9B1A3259F4000266D6 /* Supporting Files */,
			);
			path = AsyncTests;
			sourceTree = "<group>";
		};
		90B86A9B1A3259F4000266D6 /* Supporting Files */ = {
			isa = PBXGroup;
			children = (
				90B86A9C1A3259F4000266D6 /* Info.plist */,
			);
			name = "Supporting Files";
			sourceTree = "<group>";
		};
/* End PBXGroup section */

/* Begin PBXHeadersBuildPhase section */
		90B86A881A3259F4000266D6 /* Headers */ = {
			isa = PBXHeadersBuildPhase;
			buildActionMask = 2147483647;
			files = (
				90B86A911A3259F4000266D6 /* Async.h in Headers */,
			);
			runOnlyForDeploymentPostprocessing = 0;
		};
/* End PBXHeadersBuildPhase section */

/* Begin PBXNativeTarget section */
		90B86A8A1A3259F4000266D6 /* Async */ = {
			isa = PBXNativeTarget;
			buildConfigurationList = 90B86AA11A3259F4000266D6 /* Build configuration list for PBXNativeTarget "Async" */;
			buildPhases = (
				90B86A861A3259F4000266D6 /* Sources */,
				90B86A871A3259F4000266D6 /* Frameworks */,
				90B86A881A3259F4000266D6 /* Headers */,
				90B86A891A3259F4000266D6 /* Resources */,
			);
			buildRules = (
			);
			dependencies = (
			);
			name = Async;
			productName = Async;
			productReference = 90B86A8B1A3259F4000266D6 /* Async.framework */;
			productType = "com.apple.product-type.framework";
		};
		90B86A951A3259F4000266D6 /* AsyncTests */ = {
			isa = PBXNativeTarget;
			buildConfigurationList = 90B86AA41A3259F4000266D6 /* Build configuration list for PBXNativeTarget "AsyncTests" */;
			buildPhases = (
				90B86A921A3259F4000266D6 /* Sources */,
				90B86A931A3259F4000266D6 /* Frameworks */,
				90B86A941A3259F4000266D6 /* Resources */,
			);
			buildRules = (
			);
			dependencies = (
				90B86A991A3259F4000266D6 /* PBXTargetDependency */,
			);
			name = AsyncTests;
			productName = AsyncTests;
			productReference = 90B86A961A3259F4000266D6 /* AsyncTests.xctest */;
			productType = "com.apple.product-type.bundle.unit-test";
		};
/* End PBXNativeTarget section */

/* Begin PBXProject section */
		90B86A821A3259F4000266D6 /* Project object */ = {
			isa = PBXProject;
			attributes = {
				LastUpgradeCheck = 0610;
				ORGANIZATIONNAME = dk.developmunk;
				TargetAttributes = {
					90B86A8A1A3259F4000266D6 = {
						CreatedOnToolsVersion = 6.1.1;
					};
					90B86A951A3259F4000266D6 = {
						CreatedOnToolsVersion = 6.1.1;
					};
				};
			};
			buildConfigurationList = 90B86A851A3259F4000266D6 /* Build configuration list for PBXProject "Async" */;
			compatibilityVersion = "Xcode 3.2";
			developmentRegion = English;
			hasScannedForEncodings = 0;
			knownRegions = (
				en,
			);
			mainGroup = 90B86A811A3259F4000266D6;
			productRefGroup = 90B86A8C1A3259F4000266D6 /* Products */;
			projectDirPath = "";
			projectRoot = "";
			targets = (
				90B86A8A1A3259F4000266D6 /* Async */,
				90B86A951A3259F4000266D6 /* AsyncTests */,
			);
		};
/* End PBXProject section */

/* Begin PBXResourcesBuildPhase section */
		90B86A891A3259F4000266D6 /* Resources */ = {
			isa = PBXResourcesBuildPhase;
			buildActionMask = 2147483647;
			files = (
			);
			runOnlyForDeploymentPostprocessing = 0;
		};
		90B86A941A3259F4000266D6 /* Resources */ = {
			isa = PBXResourcesBuildPhase;
			buildActionMask = 2147483647;
			files = (
			);
			runOnlyForDeploymentPostprocessing = 0;
		};
/* End PBXResourcesBuildPhase section */

/* Begin PBXSourcesBuildPhase section */
		90B86A861A3259F4000266D6 /* Sources */ = {
			isa = PBXSourcesBuildPhase;
			buildActionMask = 2147483647;
			files = (
				90B86AA81A325A31000266D6 /* Async.swift in Sources */,
			);
			runOnlyForDeploymentPostprocessing = 0;
		};
		90B86A921A3259F4000266D6 /* Sources */ = {
			isa = PBXSourcesBuildPhase;
			buildActionMask = 2147483647;
			files = (
				90B86A9E1A3259F4000266D6 /* AsyncTests.swift in Sources */,
			);
			runOnlyForDeploymentPostprocessing = 0;
		};
/* End PBXSourcesBuildPhase section */

/* Begin PBXTargetDependency section */
		90B86A991A3259F4000266D6 /* PBXTargetDependency */ = {
			isa = PBXTargetDependency;
			target = 90B86A8A1A3259F4000266D6 /* Async */;
			targetProxy = 90B86A981A3259F4000266D6 /* PBXContainerItemProxy */;
		};
/* End PBXTargetDependency section */

/* Begin XCBuildConfiguration section */
		90B86A9F1A3259F4000266D6 /* Debug */ = {
			isa = XCBuildConfiguration;
			buildSettings = {
				ALWAYS_SEARCH_USER_PATHS = NO;
				CLANG_CXX_LANGUAGE_STANDARD = "gnu++0x";
				CLANG_CXX_LIBRARY = "libc++";
				CLANG_ENABLE_MODULES = YES;
				CLANG_ENABLE_OBJC_ARC = YES;
				CLANG_WARN_BOOL_CONVERSION = YES;
				CLANG_WARN_CONSTANT_CONVERSION = YES;
				CLANG_WARN_DIRECT_OBJC_ISA_USAGE = YES_ERROR;
				CLANG_WARN_EMPTY_BODY = YES;
				CLANG_WARN_ENUM_CONVERSION = YES;
				CLANG_WARN_INT_CONVERSION = YES;
				CLANG_WARN_OBJC_ROOT_CLASS = YES_ERROR;
				CLANG_WARN_UNREACHABLE_CODE = YES;
				CLANG_WARN__DUPLICATE_METHOD_MATCH = YES;
				"CODE_SIGN_IDENTITY[sdk=iphoneos*]" = "iPhone Developer";
				COPY_PHASE_STRIP = NO;
				CURRENT_PROJECT_VERSION = 1;
				ENABLE_STRICT_OBJC_MSGSEND = YES;
				GCC_C_LANGUAGE_STANDARD = gnu99;
				GCC_DYNAMIC_NO_PIC = NO;
				GCC_OPTIMIZATION_LEVEL = 0;
				GCC_PREPROCESSOR_DEFINITIONS = (
					"DEBUG=1",
					"$(inherited)",
				);
				GCC_SYMBOLS_PRIVATE_EXTERN = NO;
				GCC_WARN_64_TO_32_BIT_CONVERSION = YES;
				GCC_WARN_ABOUT_RETURN_TYPE = YES_ERROR;
				GCC_WARN_UNDECLARED_SELECTOR = YES;
				GCC_WARN_UNINITIALIZED_AUTOS = YES_AGGRESSIVE;
				GCC_WARN_UNUSED_FUNCTION = YES;
				GCC_WARN_UNUSED_VARIABLE = YES;
				IPHONEOS_DEPLOYMENT_TARGET = 8.1;
				MTL_ENABLE_DEBUG_INFO = YES;
				ONLY_ACTIVE_ARCH = YES;
				SDKROOT = iphoneos;
				SWIFT_OPTIMIZATION_LEVEL = "-Onone";
				TARGETED_DEVICE_FAMILY = "1,2";
				VERSIONING_SYSTEM = "apple-generic";
				VERSION_INFO_PREFIX = "";
			};
			name = Debug;
		};
		90B86AA01A3259F4000266D6 /* Release */ = {
			isa = XCBuildConfiguration;
			buildSettings = {
				ALWAYS_SEARCH_USER_PATHS = NO;
				CLANG_CXX_LANGUAGE_STANDARD = "gnu++0x";
				CLANG_CXX_LIBRARY = "libc++";
				CLANG_ENABLE_MODULES = YES;
				CLANG_ENABLE_OBJC_ARC = YES;
				CLANG_WARN_BOOL_CONVERSION = YES;
				CLANG_WARN_CONSTANT_CONVERSION = YES;
				CLANG_WARN_DIRECT_OBJC_ISA_USAGE = YES_ERROR;
				CLANG_WARN_EMPTY_BODY = YES;
				CLANG_WARN_ENUM_CONVERSION = YES;
				CLANG_WARN_INT_CONVERSION = YES;
				CLANG_WARN_OBJC_ROOT_CLASS = YES_ERROR;
				CLANG_WARN_UNREACHABLE_CODE = YES;
				CLANG_WARN__DUPLICATE_METHOD_MATCH = YES;
				"CODE_SIGN_IDENTITY[sdk=iphoneos*]" = "iPhone Developer";
				COPY_PHASE_STRIP = YES;
				CURRENT_PROJECT_VERSION = 1;
				ENABLE_NS_ASSERTIONS = NO;
				ENABLE_STRICT_OBJC_MSGSEND = YES;
				GCC_C_LANGUAGE_STANDARD = gnu99;
				GCC_WARN_64_TO_32_BIT_CONVERSION = YES;
				GCC_WARN_ABOUT_RETURN_TYPE = YES_ERROR;
				GCC_WARN_UNDECLARED_SELECTOR = YES;
				GCC_WARN_UNINITIALIZED_AUTOS = YES_AGGRESSIVE;
				GCC_WARN_UNUSED_FUNCTION = YES;
				GCC_WARN_UNUSED_VARIABLE = YES;
				IPHONEOS_DEPLOYMENT_TARGET = 8.1;
				MTL_ENABLE_DEBUG_INFO = NO;
				SDKROOT = iphoneos;
				TARGETED_DEVICE_FAMILY = "1,2";
				VALIDATE_PRODUCT = YES;
				VERSIONING_SYSTEM = "apple-generic";
				VERSION_INFO_PREFIX = "";
			};
			name = Release;
		};
		90B86AA21A3259F4000266D6 /* Debug */ = {
			isa = XCBuildConfiguration;
			buildSettings = {
				DEFINES_MODULE = YES;
				DYLIB_COMPATIBILITY_VERSION = 1;
				DYLIB_CURRENT_VERSION = 1;
				DYLIB_INSTALL_NAME_BASE = "@rpath";
				INFOPLIST_FILE = Async/Info.plist;
				INSTALL_PATH = "$(LOCAL_LIBRARY_DIR)/Frameworks";
				LD_RUNPATH_SEARCH_PATHS = "$(inherited) @executable_path/Frameworks @loader_path/Frameworks";
				PRODUCT_NAME = "$(TARGET_NAME)";
				SKIP_INSTALL = YES;
			};
			name = Debug;
		};
		90B86AA31A3259F4000266D6 /* Release */ = {
			isa = XCBuildConfiguration;
			buildSettings = {
				DEFINES_MODULE = YES;
				DYLIB_COMPATIBILITY_VERSION = 1;
				DYLIB_CURRENT_VERSION = 1;
				DYLIB_INSTALL_NAME_BASE = "@rpath";
				INFOPLIST_FILE = Async/Info.plist;
				INSTALL_PATH = "$(LOCAL_LIBRARY_DIR)/Frameworks";
				LD_RUNPATH_SEARCH_PATHS = "$(inherited) @executable_path/Frameworks @loader_path/Frameworks";
				PRODUCT_NAME = "$(TARGET_NAME)";
				SKIP_INSTALL = YES;
			};
			name = Release;
		};
		90B86AA51A3259F4000266D6 /* Debug */ = {
			isa = XCBuildConfiguration;
			buildSettings = {
				FRAMEWORK_SEARCH_PATHS = (
					"$(SDKROOT)/Developer/Library/Frameworks",
					"$(inherited)",
				);
				GCC_PREPROCESSOR_DEFINITIONS = (
					"DEBUG=1",
					"$(inherited)",
				);
				INFOPLIST_FILE = AsyncTests/Info.plist;
				LD_RUNPATH_SEARCH_PATHS = "$(inherited) @executable_path/Frameworks @loader_path/Frameworks";
				PRODUCT_NAME = "$(TARGET_NAME)";
			};
			name = Debug;
		};
		90B86AA61A3259F4000266D6 /* Release */ = {
			isa = XCBuildConfiguration;
			buildSettings = {
				FRAMEWORK_SEARCH_PATHS = (
					"$(SDKROOT)/Developer/Library/Frameworks",
					"$(inherited)",
				);
				INFOPLIST_FILE = AsyncTests/Info.plist;
				LD_RUNPATH_SEARCH_PATHS = "$(inherited) @executable_path/Frameworks @loader_path/Frameworks";
				PRODUCT_NAME = "$(TARGET_NAME)";
			};
			name = Release;
		};
/* End XCBuildConfiguration section */

/* Begin XCConfigurationList section */
		90B86A851A3259F4000266D6 /* Build configuration list for PBXProject "Async" */ = {
			isa = XCConfigurationList;
			buildConfigurations = (
				90B86A9F1A3259F4000266D6 /* Debug */,
				90B86AA01A3259F4000266D6 /* Release */,
			);
			defaultConfigurationIsVisible = 0;
			defaultConfigurationName = Release;
		};
		90B86AA11A3259F4000266D6 /* Build configuration list for PBXNativeTarget "Async" */ = {
			isa = XCConfigurationList;
			buildConfigurations = (
				90B86AA21A3259F4000266D6 /* Debug */,
				90B86AA31A3259F4000266D6 /* Release */,
			);
			defaultConfigurationIsVisible = 0;
		};
		90B86AA41A3259F4000266D6 /* Build configuration list for PBXNativeTarget "AsyncTests" */ = {
			isa = XCConfigurationList;
			buildConfigurations = (
				90B86AA51A3259F4000266D6 /* Debug */,
				90B86AA61A3259F4000266D6 /* Release */,
			);
			defaultConfigurationIsVisible = 0;
		};
/* End XCConfigurationList section */
	};
	rootObject = 90B86A821A3259F4000266D6 /* Project object */;
}
