// !$*UTF8*$!
{
	archiveVersion = 1;
	classes = {
	};
	objectVersion = 46;
	objects = {

/* Begin PBXBuildFile section */
		OBJ_24 /* Async.swift in Sources */ = {isa = PBXBuildFile; fileRef = OBJ_9 /* Async.swift */; };
		OBJ_31 /* AsyncGroupTests.swift in Sources */ = {isa = PBXBuildFile; fileRef = OBJ_12 /* AsyncGroupTests.swift */; };
		OBJ_32 /* AsyncTests.swift in Sources */ = {isa = PBXBuildFile; fileRef = OBJ_13 /* AsyncTests.swift */; };
		OBJ_34 /* Async.framework in Frameworks */ = {isa = PBXBuildFile; fileRef = OBJ_17 /* Async.framework */; };
/* End PBXBuildFile section */

/* Begin PBXContainerItemProxy section */
		1F7018B61EA0FE7F00CD23AC /* PBXContainerItemProxy */ = {
			isa = PBXContainerItemProxy;
			containerPortal = OBJ_1 /* Project object */;
			proxyType = 1;
			remoteGlobalIDString = OBJ_19;
			remoteInfo = Async;
		};
/* End PBXContainerItemProxy section */

/* Begin PBXFileReference section */
		1F9952281EA0FF2F0095B0F1 /* Async-Debug.xcconfig */ = {isa = PBXFileReference; lastKnownFileType = text.xcconfig; path = "Async-Debug.xcconfig"; sourceTree = "<group>"; };
		1F9952291EA0FF2F0095B0F1 /* Async-Release.xcconfig */ = {isa = PBXFileReference; lastKnownFileType = text.xcconfig; path = "Async-Release.xcconfig"; sourceTree = "<group>"; };
		1F99522A1EA0FF2F0095B0F1 /* AsyncTests-Debug.xcconfig */ = {isa = PBXFileReference; lastKnownFileType = text.xcconfig; path = "AsyncTests-Debug.xcconfig"; sourceTree = "<group>"; };
		1F99522B1EA0FF2F0095B0F1 /* AsyncTests-Release.xcconfig */ = {isa = PBXFileReference; lastKnownFileType = text.xcconfig; path = "AsyncTests-Release.xcconfig"; sourceTree = "<group>"; };
		1F99522C1EA0FF2F0095B0F1 /* Base-Debug.xcconfig */ = {isa = PBXFileReference; lastKnownFileType = text.xcconfig; path = "Base-Debug.xcconfig"; sourceTree = "<group>"; };
		1F99522D1EA0FF2F0095B0F1 /* Base-Release.xcconfig */ = {isa = PBXFileReference; lastKnownFileType = text.xcconfig; path = "Base-Release.xcconfig"; sourceTree = "<group>"; };
		1FC6D32E1EA10026004DAA25 /* Base.xcconfig */ = {isa = PBXFileReference; fileEncoding = 4; lastKnownFileType = text.xcconfig; path = Base.xcconfig; sourceTree = "<group>"; };
		OBJ_12 /* AsyncGroupTests.swift */ = {isa = PBXFileReference; lastKnownFileType = sourcecode.swift; path = AsyncGroupTests.swift; sourceTree = "<group>"; };
		OBJ_13 /* AsyncTests.swift */ = {isa = PBXFileReference; lastKnownFileType = sourcecode.swift; path = AsyncTests.swift; sourceTree = "<group>"; };
		OBJ_14 /* AsyncPodsExample */ = {isa = PBXFileReference; lastKnownFileType = folder; path = AsyncPodsExample; sourceTree = SOURCE_ROOT; };
		OBJ_15 /* Configs */ = {isa = PBXFileReference; lastKnownFileType = folder; path = Configs; sourceTree = SOURCE_ROOT; };
		OBJ_17 /* Async.framework */ = {isa = PBXFileReference; explicitFileType = wrapper.framework; path = Async.framework; sourceTree = BUILT_PRODUCTS_DIR; };
		OBJ_18 /* AsyncTests.xctest */ = {isa = PBXFileReference; explicitFileType = wrapper.cfbundle; path = AsyncTests.xctest; sourceTree = BUILT_PRODUCTS_DIR; };
		OBJ_6 /* Package.swift */ = {isa = PBXFileReference; explicitFileType = sourcecode.swift; path = Package.swift; sourceTree = "<group>"; };
		OBJ_9 /* Async.swift */ = {isa = PBXFileReference; lastKnownFileType = sourcecode.swift; path = Async.swift; sourceTree = "<group>"; };
/* End PBXFileReference section */

/* Begin PBXFrameworksBuildPhase section */
		OBJ_25 /* Frameworks */ = {
			isa = PBXFrameworksBuildPhase;
			buildActionMask = 0;
			files = (
			);
			runOnlyForDeploymentPostprocessing = 0;
		};
		OBJ_33 /* Frameworks */ = {
			isa = PBXFrameworksBuildPhase;
			buildActionMask = 0;
			files = (
				OBJ_34 /* Async.framework in Frameworks */,
			);
			runOnlyForDeploymentPostprocessing = 0;
		};
/* End PBXFrameworksBuildPhase section */

/* Begin PBXGroup section */
		1F9952271EA0FF2F0095B0F1 /* Configs */ = {
			isa = PBXGroup;
			children = (
				1FC6D32E1EA10026004DAA25 /* Base.xcconfig */,
				1F9952281EA0FF2F0095B0F1 /* Async-Debug.xcconfig */,
				1F9952291EA0FF2F0095B0F1 /* Async-Release.xcconfig */,
				1F99522A1EA0FF2F0095B0F1 /* AsyncTests-Debug.xcconfig */,
				1F99522B1EA0FF2F0095B0F1 /* AsyncTests-Release.xcconfig */,
				1F99522C1EA0FF2F0095B0F1 /* Base-Debug.xcconfig */,
				1F99522D1EA0FF2F0095B0F1 /* Base-Release.xcconfig */,
			);
			path = Configs;
			sourceTree = "<group>";
		};
		OBJ_10 /* Tests */ = {
			isa = PBXGroup;
			children = (
				OBJ_11 /* AsyncTests */,
			);
			name = Tests;
			sourceTree = SOURCE_ROOT;
		};
		OBJ_11 /* AsyncTests */ = {
			isa = PBXGroup;
			children = (
				OBJ_12 /* AsyncGroupTests.swift */,
				OBJ_13 /* AsyncTests.swift */,
			);
			name = AsyncTests;
			path = Tests/AsyncTests;
			sourceTree = SOURCE_ROOT;
		};
		OBJ_16 /* Products */ = {
			isa = PBXGroup;
			children = (
				OBJ_17 /* Async.framework */,
				OBJ_18 /* AsyncTests.xctest */,
			);
			name = Products;
			sourceTree = BUILT_PRODUCTS_DIR;
		};
		OBJ_5 = {
			isa = PBXGroup;
			children = (
				1F9952271EA0FF2F0095B0F1 /* Configs */,
				OBJ_6 /* Package.swift */,
				OBJ_7 /* Sources */,
				OBJ_10 /* Tests */,
				OBJ_14 /* AsyncPodsExample */,
				OBJ_15 /* Configs */,
				OBJ_16 /* Products */,
			);
			sourceTree = "<group>";
		};
		OBJ_7 /* Sources */ = {
			isa = PBXGroup;
			children = (
				OBJ_8 /* Async */,
			);
			name = Sources;
			sourceTree = SOURCE_ROOT;
		};
		OBJ_8 /* Async */ = {
			isa = PBXGroup;
			children = (
				OBJ_9 /* Async.swift */,
			);
			name = Async;
			path = Sources/Async;
			sourceTree = SOURCE_ROOT;
		};
/* End PBXGroup section */

/* Begin PBXNativeTarget section */
		OBJ_19 /* Async */ = {
			isa = PBXNativeTarget;
			buildConfigurationList = OBJ_20 /* Build configuration list for PBXNativeTarget "Async" */;
			buildPhases = (
				OBJ_23 /* Sources */,
				OBJ_25 /* Frameworks */,
			);
			buildRules = (
			);
			dependencies = (
			);
			name = Async;
			productName = Async;
			productReference = OBJ_17 /* Async.framework */;
			productType = "com.apple.product-type.framework";
		};
		OBJ_26 /* AsyncTests */ = {
			isa = PBXNativeTarget;
			buildConfigurationList = OBJ_27 /* Build configuration list for PBXNativeTarget "AsyncTests" */;
			buildPhases = (
				OBJ_30 /* Sources */,
				OBJ_33 /* Frameworks */,
			);
			buildRules = (
			);
			dependencies = (
				OBJ_35 /* PBXTargetDependency */,
			);
			name = AsyncTests;
			productName = AsyncTests;
			productReference = OBJ_18 /* AsyncTests.xctest */;
			productType = "com.apple.product-type.bundle.unit-test";
		};
/* End PBXNativeTarget section */

/* Begin PBXProject section */
		OBJ_1 /* Project object */ = {
			isa = PBXProject;
			attributes = {
				LastUpgradeCheck = 9999;
				TargetAttributes = {
					OBJ_19 = {
						LastSwiftMigration = 0900;
					};
					OBJ_26 = {
						LastSwiftMigration = 0900;
					};
				};
			};
			buildConfigurationList = OBJ_2 /* Build configuration list for PBXProject "Async" */;
			compatibilityVersion = "Xcode 3.2";
			developmentRegion = English;
			hasScannedForEncodings = 0;
			knownRegions = (
				en,
			);
			mainGroup = OBJ_5;
			productRefGroup = OBJ_16 /* Products */;
			projectDirPath = "";
			projectRoot = "";
			targets = (
				OBJ_19 /* Async */,
				OBJ_26 /* AsyncTests */,
			);
		};
/* End PBXProject section */

/* Begin PBXSourcesBuildPhase section */
		OBJ_23 /* Sources */ = {
			isa = PBXSourcesBuildPhase;
			buildActionMask = 0;
			files = (
				OBJ_24 /* Async.swift in Sources */,
			);
			runOnlyForDeploymentPostprocessing = 0;
		};
		OBJ_30 /* Sources */ = {
			isa = PBXSourcesBuildPhase;
			buildActionMask = 0;
			files = (
				OBJ_31 /* AsyncGroupTests.swift in Sources */,
				OBJ_32 /* AsyncTests.swift in Sources */,
			);
			runOnlyForDeploymentPostprocessing = 0;
		};
/* End PBXSourcesBuildPhase section */

/* Begin PBXTargetDependency section */
		OBJ_35 /* PBXTargetDependency */ = {
			isa = PBXTargetDependency;
			target = OBJ_19 /* Async */;
			targetProxy = 1F7018B61EA0FE7F00CD23AC /* PBXContainerItemProxy */;
		};
/* End PBXTargetDependency section */

/* Begin XCBuildConfiguration section */
		OBJ_21 /* Debug */ = {
			isa = XCBuildConfiguration;
			baseConfigurationReference = 1F9952281EA0FF2F0095B0F1 /* Async-Debug.xcconfig */;
			buildSettings = {
				ALWAYS_EMBED_SWIFT_STANDARD_LIBRARIES = NO;
				IPHONEOS_DEPLOYMENT_TARGET = 9.0;
				SWIFT_SWIFT3_OBJC_INFERENCE = On;
				SWIFT_VERSION = 4.0;
			};
			name = Debug;
		};
		OBJ_22 /* Release */ = {
			isa = XCBuildConfiguration;
			baseConfigurationReference = 1F9952291EA0FF2F0095B0F1 /* Async-Release.xcconfig */;
			buildSettings = {
				ALWAYS_EMBED_SWIFT_STANDARD_LIBRARIES = NO;
				IPHONEOS_DEPLOYMENT_TARGET = 9.0;
				SWIFT_SWIFT3_OBJC_INFERENCE = On;
				SWIFT_VERSION = 4.0;
			};
			name = Release;
		};
		OBJ_28 /* Debug */ = {
			isa = XCBuildConfiguration;
			baseConfigurationReference = 1F99522A1EA0FF2F0095B0F1 /* AsyncTests-Debug.xcconfig */;
			buildSettings = {
				SWIFT_SWIFT3_OBJC_INFERENCE = On;
				SWIFT_VERSION = 4.0;
			};
			name = Debug;
		};
		OBJ_29 /* Release */ = {
			isa = XCBuildConfiguration;
			baseConfigurationReference = 1F99522B1EA0FF2F0095B0F1 /* AsyncTests-Release.xcconfig */;
			buildSettings = {
				SWIFT_SWIFT3_OBJC_INFERENCE = On;
				SWIFT_VERSION = 4.0;
			};
			name = Release;
		};
		OBJ_3 /* Debug */ = {
			isa = XCBuildConfiguration;
			baseConfigurationReference = 1F99522C1EA0FF2F0095B0F1 /* Base-Debug.xcconfig */;
			buildSettings = {
			};
			name = Debug;
		};
		OBJ_4 /* Release */ = {
			isa = XCBuildConfiguration;
			baseConfigurationReference = 1F99522D1EA0FF2F0095B0F1 /* Base-Release.xcconfig */;
			buildSettings = {
			};
			name = Release;
		};
/* End XCBuildConfiguration section */

/* Begin XCConfigurationList section */
		OBJ_2 /* Build configuration list for PBXProject "Async" */ = {
			isa = XCConfigurationList;
			buildConfigurations = (
				OBJ_3 /* Debug */,
				OBJ_4 /* Release */,
			);
			defaultConfigurationIsVisible = 0;
			defaultConfigurationName = Debug;
		};
		OBJ_20 /* Build configuration list for PBXNativeTarget "Async" */ = {
			isa = XCConfigurationList;
			buildConfigurations = (
				OBJ_21 /* Debug */,
				OBJ_22 /* Release */,
			);
			defaultConfigurationIsVisible = 0;
			defaultConfigurationName = Debug;
		};
		OBJ_27 /* Build configuration list for PBXNativeTarget "AsyncTests" */ = {
			isa = XCConfigurationList;
			buildConfigurations = (
				OBJ_28 /* Debug */,
				OBJ_29 /* Release */,
			);
			defaultConfigurationIsVisible = 0;
			defaultConfigurationName = Debug;
		};
/* End XCConfigurationList section */
	};
	rootObject = OBJ_1 /* Project object */;
}
