// !$*UTF8*$!
{
	archiveVersion = 1;
	classes = {
	};
	objectVersion = 46;
	objects = {

/* Begin PBXBuildFile section */
		0D35C54DBBADE3C023EC2733 /* Pods_AsyncExample_tvOS.framework in Frameworks */ = {isa = PBXBuildFile; fileRef = 0B9C4CF5D871112ED5238064 /* Pods_AsyncExample_tvOS.framework */; };
		276620F495048E712E9FC4C0 /* Pods_AsyncExample_iOS.framework in Frameworks */ = {isa = PBXBuildFile; fileRef = 36559202A3C20011B2D1D749 /* Pods_AsyncExample_iOS.framework */; };
		4EC98A3F1BE0293000A2EB40 /* Assets.xcassets in Resources */ = {isa = PBXBuildFile; fileRef = 4EC98A3E1BE0293000A2EB40 /* Assets.xcassets */; };
		4EC98A411BE02B1B00A2EB40 /* Main.storyboard in Resources */ = {isa = PBXBuildFile; fileRef = 146ED8EA1BDF312F00347390 /* Main.storyboard */; };
		4EC98A421BE02B1F00A2EB40 /* ViewController.swift in Sources */ = {isa = PBXBuildFile; fileRef = 146ED8EE1BDF312F00347390 /* ViewController.swift */; };
		4EC98A431BE02B2200A2EB40 /* AppDelegate.swift in Sources */ = {isa = PBXBuildFile; fileRef = 146ED8E91BDF312F00347390 /* AppDelegate.swift */; };
		4EF830A21975952B00C5F0EE /* ViewController.swift in Sources */ = {isa = PBXBuildFile; fileRef = 4EF830A11975952B00C5F0EE /* ViewController.swift */; };
		4EF830A41975952B00C5F0EE /* AppDelegate.swift in Sources */ = {isa = PBXBuildFile; fileRef = 4EF830A31975952B00C5F0EE /* AppDelegate.swift */; };
		4EF830A61975952B00C5F0EE /* Images.xcassets in Resources */ = {isa = PBXBuildFile; fileRef = 4EF830A51975952B00C5F0EE /* Images.xcassets */; };
		4EF830A91975952B00C5F0EE /* Main.storyboard in Resources */ = {isa = PBXBuildFile; fileRef = 4EF830A71975952B00C5F0EE /* Main.storyboard */; };
		4EF830CB1975954B00C5F0EE /* AppDelegate.swift in Sources */ = {isa = PBXBuildFile; fileRef = 4EF830CA1975954B00C5F0EE /* AppDelegate.swift */; };
		4EF830CD1975954B00C5F0EE /* ViewController.swift in Sources */ = {isa = PBXBuildFile; fileRef = 4EF830CC1975954B00C5F0EE /* ViewController.swift */; };
		4EF830D01975954B00C5F0EE /* Main.storyboard in Resources */ = {isa = PBXBuildFile; fileRef = 4EF830CE1975954B00C5F0EE /* Main.storyboard */; };
		4EF830D21975954B00C5F0EE /* Images.xcassets in Resources */ = {isa = PBXBuildFile; fileRef = 4EF830D11975954B00C5F0EE /* Images.xcassets */; };
		AC3D0D3F5EA16EB6390BFE10 /* Pods_AsyncExample_OS_X.framework in Frameworks */ = {isa = PBXBuildFile; fileRef = A2D9B23A2F4664E00651E1E3 /* Pods_AsyncExample_OS_X.framework */; };
/* End PBXBuildFile section */

/* Begin PBXFileReference section */
		0B9C4CF5D871112ED5238064 /* Pods_AsyncExample_tvOS.framework */ = {isa = PBXFileReference; explicitFileType = wrapper.framework; includeInIndex = 0; path = Pods_AsyncExample_tvOS.framework; sourceTree = BUILT_PRODUCTS_DIR; };
		146ED8E91BDF312F00347390 /* AppDelegate.swift */ = {isa = PBXFileReference; lastKnownFileType = sourcecode.swift; path = AppDelegate.swift; sourceTree = "<group>"; };
		146ED8EB1BDF312F00347390 /* Base */ = {isa = PBXFileReference; lastKnownFileType = file.storyboard; name = Base; path = Base.lproj/Main.storyboard; sourceTree = "<group>"; };
		146ED8ED1BDF312F00347390 /* Info.plist */ = {isa = PBXFileReference; lastKnownFileType = text.plist.xml; path = Info.plist; sourceTree = "<group>"; };
		146ED8EE1BDF312F00347390 /* ViewController.swift */ = {isa = PBXFileReference; lastKnownFileType = sourcecode.swift; path = ViewController.swift; sourceTree = "<group>"; };
		146ED8F31BDF321000347390 /* AsyncExample tvOS.app */ = {isa = PBXFileReference; explicitFileType = wrapper.application; includeInIndex = 0; path = "AsyncExample tvOS.app"; sourceTree = BUILT_PRODUCTS_DIR; };
		28B13B03A9F70C56980CDFC4 /* Pods-AsyncExample tvOS.debug.xcconfig */ = {isa = PBXFileReference; includeInIndex = 1; lastKnownFileType = text.xcconfig; name = "Pods-AsyncExample tvOS.debug.xcconfig"; path = "Pods/Target Support Files/Pods-AsyncExample tvOS/Pods-AsyncExample tvOS.debug.xcconfig"; sourceTree = "<group>"; };
		36559202A3C20011B2D1D749 /* Pods_AsyncExample_iOS.framework */ = {isa = PBXFileReference; explicitFileType = wrapper.framework; includeInIndex = 0; path = Pods_AsyncExample_iOS.framework; sourceTree = BUILT_PRODUCTS_DIR; };
		4EC98A3E1BE0293000A2EB40 /* Assets.xcassets */ = {isa = PBXFileReference; lastKnownFileType = folder.assetcatalog; path = Assets.xcassets; sourceTree = "<group>"; };
		4EF8309B1975952B00C5F0EE /* AsyncExample OS X.app */ = {isa = PBXFileReference; explicitFileType = wrapper.application; includeInIndex = 0; path = "AsyncExample OS X.app"; sourceTree = BUILT_PRODUCTS_DIR; };
		4EF8309E1975952B00C5F0EE /* Info.plist */ = {isa = PBXFileReference; lastKnownFileType = text.plist.xml; path = Info.plist; sourceTree = "<group>"; };
		4EF830A11975952B00C5F0EE /* ViewController.swift */ = {isa = PBXFileReference; lastKnownFileType = sourcecode.swift; path = ViewController.swift; sourceTree = "<group>"; };
		4EF830A31975952B00C5F0EE /* AppDelegate.swift */ = {isa = PBXFileReference; lastKnownFileType = sourcecode.swift; path = AppDelegate.swift; sourceTree = "<group>"; };
		4EF830A51975952B00C5F0EE /* Images.xcassets */ = {isa = PBXFileReference; lastKnownFileType = folder.assetcatalog; path = Images.xcassets; sourceTree = "<group>"; };
		4EF830A81975952B00C5F0EE /* Base */ = {isa = PBXFileReference; lastKnownFileType = file.storyboard; name = Base; path = Base.lproj/Main.storyboard; sourceTree = "<group>"; };
		4EF830C61975954B00C5F0EE /* AsyncExample iOS.app */ = {isa = PBXFileReference; explicitFileType = wrapper.application; includeInIndex = 0; path = "AsyncExample iOS.app"; sourceTree = BUILT_PRODUCTS_DIR; };
		4EF830C91975954B00C5F0EE /* Info.plist */ = {isa = PBXFileReference; lastKnownFileType = text.plist.xml; path = Info.plist; sourceTree = "<group>"; };
		4EF830CA1975954B00C5F0EE /* AppDelegate.swift */ = {isa = PBXFileReference; lastKnownFileType = sourcecode.swift; path = AppDelegate.swift; sourceTree = "<group>"; };
		4EF830CC1975954B00C5F0EE /* ViewController.swift */ = {isa = PBXFileReference; lastKnownFileType = sourcecode.swift; path = ViewController.swift; sourceTree = "<group>"; };
		4EF830CF1975954B00C5F0EE /* Base */ = {isa = PBXFileReference; lastKnownFileType = file.storyboard; name = Base; path = Base.lproj/Main.storyboard; sourceTree = "<group>"; };
		4EF830D11975954B00C5F0EE /* Images.xcassets */ = {isa = PBXFileReference; lastKnownFileType = folder.assetcatalog; path = Images.xcassets; sourceTree = "<group>"; };
		50AD0999B03855FBD1403BFE /* Pods.framework */ = {isa = PBXFileReference; explicitFileType = wrapper.framework; includeInIndex = 0; path = Pods.framework; sourceTree = BUILT_PRODUCTS_DIR; };
		814059C2443E7390BB7151F2 /* Pods-AsyncExample OS X.release.xcconfig */ = {isa = PBXFileReference; includeInIndex = 1; lastKnownFileType = text.xcconfig; name = "Pods-AsyncExample OS X.release.xcconfig"; path = "Pods/Target Support Files/Pods-AsyncExample OS X/Pods-AsyncExample OS X.release.xcconfig"; sourceTree = "<group>"; };
		96F898A47080C7E249C01A72 /* Pods-AsyncExample iOS.release.xcconfig */ = {isa = PBXFileReference; includeInIndex = 1; lastKnownFileType = text.xcconfig; name = "Pods-AsyncExample iOS.release.xcconfig"; path = "Pods/Target Support Files/Pods-AsyncExample iOS/Pods-AsyncExample iOS.release.xcconfig"; sourceTree = "<group>"; };
		A2D9B23A2F4664E00651E1E3 /* Pods_AsyncExample_OS_X.framework */ = {isa = PBXFileReference; explicitFileType = wrapper.framework; includeInIndex = 0; path = Pods_AsyncExample_OS_X.framework; sourceTree = BUILT_PRODUCTS_DIR; };
		D8CE59AC46E47FA5EA55E8C4 /* Pods-AsyncExample tvOS.release.xcconfig */ = {isa = PBXFileReference; includeInIndex = 1; lastKnownFileType = text.xcconfig; name = "Pods-AsyncExample tvOS.release.xcconfig"; path = "Pods/Target Support Files/Pods-AsyncExample tvOS/Pods-AsyncExample tvOS.release.xcconfig"; sourceTree = "<group>"; };
		DFD1AB7AE290FEB64261BD7F /* Pods-AsyncExample iOS.debug.xcconfig */ = {isa = PBXFileReference; includeInIndex = 1; lastKnownFileType = text.xcconfig; name = "Pods-AsyncExample iOS.debug.xcconfig"; path = "Pods/Target Support Files/Pods-AsyncExample iOS/Pods-AsyncExample iOS.debug.xcconfig"; sourceTree = "<group>"; };
		E245DB3718AE9E052D4F00BE /* Pods-AsyncExample OS X.debug.xcconfig */ = {isa = PBXFileReference; includeInIndex = 1; lastKnownFileType = text.xcconfig; name = "Pods-AsyncExample OS X.debug.xcconfig"; path = "Pods/Target Support Files/Pods-AsyncExample OS X/Pods-AsyncExample OS X.debug.xcconfig"; sourceTree = "<group>"; };
/* End PBXFileReference section */

/* Begin PBXFrameworksBuildPhase section */
		146ED8F01BDF321000347390 /* Frameworks */ = {
			isa = PBXFrameworksBuildPhase;
			buildActionMask = 2147483647;
			files = (
				0D35C54DBBADE3C023EC2733 /* Pods_AsyncExample_tvOS.framework in Frameworks */,
			);
			runOnlyForDeploymentPostprocessing = 0;
		};
		4EF830981975952B00C5F0EE /* Frameworks */ = {
			isa = PBXFrameworksBuildPhase;
			buildActionMask = 2147483647;
			files = (
				AC3D0D3F5EA16EB6390BFE10 /* Pods_AsyncExample_OS_X.framework in Frameworks */,
			);
			runOnlyForDeploymentPostprocessing = 0;
		};
		4EF830C31975954B00C5F0EE /* Frameworks */ = {
			isa = PBXFrameworksBuildPhase;
			buildActionMask = 2147483647;
			files = (
				276620F495048E712E9FC4C0 /* Pods_AsyncExample_iOS.framework in Frameworks */,
			);
			runOnlyForDeploymentPostprocessing = 0;
		};
/* End PBXFrameworksBuildPhase section */

/* Begin PBXGroup section */
		0F689CD21CD145428E92A5A3 /* Frameworks */ = {
			isa = PBXGroup;
			children = (
				50AD0999B03855FBD1403BFE /* Pods.framework */,
				A2D9B23A2F4664E00651E1E3 /* Pods_AsyncExample_OS_X.framework */,
				36559202A3C20011B2D1D749 /* Pods_AsyncExample_iOS.framework */,
				0B9C4CF5D871112ED5238064 /* Pods_AsyncExample_tvOS.framework */,
			);
			name = Frameworks;
			sourceTree = "<group>";
		};
		1451803B1BDF331900FD2B1F /* Supporting Files */ = {
			isa = PBXGroup;
			children = (
				146ED8ED1BDF312F00347390 /* Info.plist */,
			);
			name = "Supporting Files";
			sourceTree = "<group>";
		};
		146ED8E81BDF312F00347390 /* AsyncExample tvOS */ = {
			isa = PBXGroup;
			children = (
				146ED8E91BDF312F00347390 /* AppDelegate.swift */,
				146ED8EE1BDF312F00347390 /* ViewController.swift */,
				146ED8EA1BDF312F00347390 /* Main.storyboard */,
				4EC98A3E1BE0293000A2EB40 /* Assets.xcassets */,
				1451803B1BDF331900FD2B1F /* Supporting Files */,
			);
			path = "AsyncExample tvOS";
			sourceTree = "<group>";
		};
		28BCC16578C677D18B791C26 /* Pods */ = {
			isa = PBXGroup;
			children = (
				E245DB3718AE9E052D4F00BE /* Pods-AsyncExample OS X.debug.xcconfig */,
				814059C2443E7390BB7151F2 /* Pods-AsyncExample OS X.release.xcconfig */,
				DFD1AB7AE290FEB64261BD7F /* Pods-AsyncExample iOS.debug.xcconfig */,
				96F898A47080C7E249C01A72 /* Pods-AsyncExample iOS.release.xcconfig */,
				28B13B03A9F70C56980CDFC4 /* Pods-AsyncExample tvOS.debug.xcconfig */,
				D8CE59AC46E47FA5EA55E8C4 /* Pods-AsyncExample tvOS.release.xcconfig */,
			);
			name = Pods;
			sourceTree = "<group>";
		};
		4EF8306C1975950F00C5F0EE = {
			isa = PBXGroup;
			children = (
				146ED8E81BDF312F00347390 /* AsyncExample tvOS */,
				4EF830C71975954B00C5F0EE /* AsyncExample iOS */,
				4EF8309C1975952B00C5F0EE /* AsyncExample OS X */,
				4EF830761975950F00C5F0EE /* Products */,
				0F689CD21CD145428E92A5A3 /* Frameworks */,
				28BCC16578C677D18B791C26 /* Pods */,
			);
			sourceTree = "<group>";
		};
		4EF830761975950F00C5F0EE /* Products */ = {
			isa = PBXGroup;
			children = (
				4EF8309B1975952B00C5F0EE /* AsyncExample OS X.app */,
				4EF830C61975954B00C5F0EE /* AsyncExample iOS.app */,
				146ED8F31BDF321000347390 /* AsyncExample tvOS.app */,
			);
			name = Products;
			sourceTree = "<group>";
		};
		4EF8309C1975952B00C5F0EE /* AsyncExample OS X */ = {
			isa = PBXGroup;
			children = (
				4EF830A31975952B00C5F0EE /* AppDelegate.swift */,
				4EF830A11975952B00C5F0EE /* ViewController.swift */,
				4EF830A51975952B00C5F0EE /* Images.xcassets */,
				4EF830A71975952B00C5F0EE /* Main.storyboard */,
				4EF8309D1975952B00C5F0EE /* Supporting Files */,
			);
			path = "AsyncExample OS X";
			sourceTree = "<group>";
		};
		4EF8309D1975952B00C5F0EE /* Supporting Files */ = {
			isa = PBXGroup;
			children = (
				4EF8309E1975952B00C5F0EE /* Info.plist */,
			);
			name = "Supporting Files";
			sourceTree = "<group>";
		};
		4EF830C71975954B00C5F0EE /* AsyncExample iOS */ = {
			isa = PBXGroup;
			children = (
				4EF830CA1975954B00C5F0EE /* AppDelegate.swift */,
				4EF830CC1975954B00C5F0EE /* ViewController.swift */,
				4EF830CE1975954B00C5F0EE /* Main.storyboard */,
				4EF830D11975954B00C5F0EE /* Images.xcassets */,
				4EF830C81975954B00C5F0EE /* Supporting Files */,
			);
			path = "AsyncExample iOS";
			sourceTree = "<group>";
		};
		4EF830C81975954B00C5F0EE /* Supporting Files */ = {
			isa = PBXGroup;
			children = (
				4EF830C91975954B00C5F0EE /* Info.plist */,
			);
			name = "Supporting Files";
			sourceTree = "<group>";
		};
/* End PBXGroup section */

/* Begin PBXNativeTarget section */
		146ED8F21BDF321000347390 /* AsyncExample tvOS */ = {
			isa = PBXNativeTarget;
			buildConfigurationList = 146ED8FF1BDF321000347390 /* Build configuration list for PBXNativeTarget "AsyncExample tvOS" */;
			buildPhases = (
				C426006F401E380D30D556C5 /* 📦 Check Pods Manifest.lock */,
				146ED8EF1BDF321000347390 /* Sources */,
				146ED8F01BDF321000347390 /* Frameworks */,
				146ED8F11BDF321000347390 /* Resources */,
				99A81AC27D5BE42C36B7837C /* 📦 Embed Pods Frameworks */,
				0FB2A0E84D63A3D005A1336E /* 📦 Copy Pods Resources */,
			);
			buildRules = (
			);
			dependencies = (
			);
			name = "AsyncExample tvOS";
			productName = "AsyncExample tvOS";
			productReference = 146ED8F31BDF321000347390 /* AsyncExample tvOS.app */;
			productType = "com.apple.product-type.application";
		};
		4EF8309A1975952B00C5F0EE /* AsyncExample OS X */ = {
			isa = PBXNativeTarget;
			buildConfigurationList = 4EF830B61975952B00C5F0EE /* Build configuration list for PBXNativeTarget "AsyncExample OS X" */;
			buildPhases = (
				9531257EF9C8DF38CE9AC3F3 /* 📦 Check Pods Manifest.lock */,
				4EF830971975952B00C5F0EE /* Sources */,
				4EF830981975952B00C5F0EE /* Frameworks */,
				4EF830991975952B00C5F0EE /* Resources */,
				3F2E04BB3F3FA0A5192F6F95 /* 📦 Embed Pods Frameworks */,
				80F9DAAB24DA3D22D371C55F /* 📦 Copy Pods Resources */,
			);
			buildRules = (
			);
			dependencies = (
			);
			name = "AsyncExample OS X";
			productName = "GCD&#8211;QOS OS X";
			productReference = 4EF8309B1975952B00C5F0EE /* AsyncExample OS X.app */;
			productType = "com.apple.product-type.application";
		};
		4EF830C51975954B00C5F0EE /* AsyncExample iOS */ = {
			isa = PBXNativeTarget;
			buildConfigurationList = 4EF830DF1975954B00C5F0EE /* Build configuration list for PBXNativeTarget "AsyncExample iOS" */;
			buildPhases = (
				11165746B3CD72CE2C4CE631 /* 📦 Check Pods Manifest.lock */,
				4EF830C21975954B00C5F0EE /* Sources */,
				4EF830C31975954B00C5F0EE /* Frameworks */,
				4EF830C41975954B00C5F0EE /* Resources */,
				B6B49BC3A33431F9B87A9108 /* 📦 Embed Pods Frameworks */,
				EB0590F5D83350BCCE88ECCF /* 📦 Copy Pods Resources */,
			);
			buildRules = (
			);
			dependencies = (
			);
			name = "AsyncExample iOS";
			productName = "GCD&#8211;QOS iOS";
			productReference = 4EF830C61975954B00C5F0EE /* AsyncExample iOS.app */;
			productType = "com.apple.product-type.application";
		};
/* End PBXNativeTarget section */

/* Begin PBXProject section */
		4EF8306D1975950F00C5F0EE /* Project object */ = {
			isa = PBXProject;
			attributes = {
				LastSwiftUpdateCheck = 0710;
				LastUpgradeCheck = 0800;
				ORGANIZATIONNAME = developmunk;
				TargetAttributes = {
					146ED8F21BDF321000347390 = {
						CreatedOnToolsVersion = 7.1;
						LastSwiftMigration = 0800;
					};
					4EF8309A1975952B00C5F0EE = {
						CreatedOnToolsVersion = 6.0;
						DevelopmentTeam = PFQ4698325;
						LastSwiftMigration = 0800;
					};
					4EF830C51975954B00C5F0EE = {
						CreatedOnToolsVersion = 6.0;
						LastSwiftMigration = 0800;
					};
				};
			};
			buildConfigurationList = 4EF830701975950F00C5F0EE /* Build configuration list for PBXProject "AsyncPodsExample" */;
			compatibilityVersion = "Xcode 3.2";
			developmentRegion = English;
			hasScannedForEncodings = 0;
			knownRegions = (
				en,
				Base,
			);
			mainGroup = 4EF8306C1975950F00C5F0EE;
			productRefGroup = 4EF830761975950F00C5F0EE /* Products */;
			projectDirPath = "";
			projectRoot = "";
			targets = (
				4EF830C51975954B00C5F0EE /* AsyncExample iOS */,
				4EF8309A1975952B00C5F0EE /* AsyncExample OS X */,
				146ED8F21BDF321000347390 /* AsyncExample tvOS */,
			);
		};
/* End PBXProject section */

/* Begin PBXResourcesBuildPhase section */
		146ED8F11BDF321000347390 /* Resources */ = {
			isa = PBXResourcesBuildPhase;
			buildActionMask = 2147483647;
			files = (
				4EC98A411BE02B1B00A2EB40 /* Main.storyboard in Resources */,
				4EC98A3F1BE0293000A2EB40 /* Assets.xcassets in Resources */,
			);
			runOnlyForDeploymentPostprocessing = 0;
		};
		4EF830991975952B00C5F0EE /* Resources */ = {
			isa = PBXResourcesBuildPhase;
			buildActionMask = 2147483647;
			files = (
				4EF830A61975952B00C5F0EE /* Images.xcassets in Resources */,
				4EF830A91975952B00C5F0EE /* Main.storyboard in Resources */,
			);
			runOnlyForDeploymentPostprocessing = 0;
		};
		4EF830C41975954B00C5F0EE /* Resources */ = {
			isa = PBXResourcesBuildPhase;
			buildActionMask = 2147483647;
			files = (
				4EF830D01975954B00C5F0EE /* Main.storyboard in Resources */,
				4EF830D21975954B00C5F0EE /* Images.xcassets in Resources */,
			);
			runOnlyForDeploymentPostprocessing = 0;
		};
/* End PBXResourcesBuildPhase section */

/* Begin PBXShellScriptBuildPhase section */
		0FB2A0E84D63A3D005A1336E /* 📦 Copy Pods Resources */ = {
			isa = PBXShellScriptBuildPhase;
			buildActionMask = 2147483647;
			files = (
			);
			inputPaths = (
			);
			name = "📦 Copy Pods Resources";
			outputPaths = (
			);
			runOnlyForDeploymentPostprocessing = 0;
			shellPath = /bin/sh;
			shellScript = "\"${SRCROOT}/Pods/Target Support Files/Pods-AsyncExample tvOS/Pods-AsyncExample tvOS-resources.sh\"\n";
			showEnvVarsInLog = 0;
		};
		11165746B3CD72CE2C4CE631 /* 📦 Check Pods Manifest.lock */ = {
			isa = PBXShellScriptBuildPhase;
			buildActionMask = 2147483647;
			files = (
			);
			inputPaths = (
			);
			name = "📦 Check Pods Manifest.lock";
			outputPaths = (
			);
			runOnlyForDeploymentPostprocessing = 0;
			shellPath = /bin/sh;
			shellScript = "diff \"${PODS_ROOT}/../Podfile.lock\" \"${PODS_ROOT}/Manifest.lock\" > /dev/null\nif [[ $? != 0 ]] ; then\n    cat << EOM\nerror: The sandbox is not in sync with the Podfile.lock. Run 'pod install' or update your CocoaPods installation.\nEOM\n    exit 1\nfi\n";
			showEnvVarsInLog = 0;
		};
		3F2E04BB3F3FA0A5192F6F95 /* 📦 Embed Pods Frameworks */ = {
			isa = PBXShellScriptBuildPhase;
			buildActionMask = 2147483647;
			files = (
			);
			inputPaths = (
			);
			name = "📦 Embed Pods Frameworks";
			outputPaths = (
			);
			runOnlyForDeploymentPostprocessing = 0;
			shellPath = /bin/sh;
			shellScript = "\"${SRCROOT}/Pods/Target Support Files/Pods-AsyncExample OS X/Pods-AsyncExample OS X-frameworks.sh\"\n";
			showEnvVarsInLog = 0;
		};
		80F9DAAB24DA3D22D371C55F /* 📦 Copy Pods Resources */ = {
			isa = PBXShellScriptBuildPhase;
			buildActionMask = 2147483647;
			files = (
			);
			inputPaths = (
			);
			name = "📦 Copy Pods Resources";
			outputPaths = (
			);
			runOnlyForDeploymentPostprocessing = 0;
			shellPath = /bin/sh;
			shellScript = "\"${SRCROOT}/Pods/Target Support Files/Pods-AsyncExample OS X/Pods-AsyncExample OS X-resources.sh\"\n";
			showEnvVarsInLog = 0;
		};
		9531257EF9C8DF38CE9AC3F3 /* 📦 Check Pods Manifest.lock */ = {
			isa = PBXShellScriptBuildPhase;
			buildActionMask = 2147483647;
			files = (
			);
			inputPaths = (
			);
			name = "📦 Check Pods Manifest.lock";
			outputPaths = (
			);
			runOnlyForDeploymentPostprocessing = 0;
			shellPath = /bin/sh;
			shellScript = "diff \"${PODS_ROOT}/../Podfile.lock\" \"${PODS_ROOT}/Manifest.lock\" > /dev/null\nif [[ $? != 0 ]] ; then\n    cat << EOM\nerror: The sandbox is not in sync with the Podfile.lock. Run 'pod install' or update your CocoaPods installation.\nEOM\n    exit 1\nfi\n";
			showEnvVarsInLog = 0;
		};
		99A81AC27D5BE42C36B7837C /* 📦 Embed Pods Frameworks */ = {
			isa = PBXShellScriptBuildPhase;
			buildActionMask = 2147483647;
			files = (
			);
			inputPaths = (
			);
			name = "📦 Embed Pods Frameworks";
			outputPaths = (
			);
			runOnlyForDeploymentPostprocessing = 0;
			shellPath = /bin/sh;
			shellScript = "\"${SRCROOT}/Pods/Target Support Files/Pods-AsyncExample tvOS/Pods-AsyncExample tvOS-frameworks.sh\"\n";
			showEnvVarsInLog = 0;
		};
		B6B49BC3A33431F9B87A9108 /* 📦 Embed Pods Frameworks */ = {
			isa = PBXShellScriptBuildPhase;
			buildActionMask = 2147483647;
			files = (
			);
			inputPaths = (
			);
			name = "📦 Embed Pods Frameworks";
			outputPaths = (
			);
			runOnlyForDeploymentPostprocessing = 0;
			shellPath = /bin/sh;
			shellScript = "\"${SRCROOT}/Pods/Target Support Files/Pods-AsyncExample iOS/Pods-AsyncExample iOS-frameworks.sh\"\n";
			showEnvVarsInLog = 0;
		};
		C426006F401E380D30D556C5 /* 📦 Check Pods Manifest.lock */ = {
			isa = PBXShellScriptBuildPhase;
			buildActionMask = 2147483647;
			files = (
			);
			inputPaths = (
			);
			name = "📦 Check Pods Manifest.lock";
			outputPaths = (
			);
			runOnlyForDeploymentPostprocessing = 0;
			shellPath = /bin/sh;
			shellScript = "diff \"${PODS_ROOT}/../Podfile.lock\" \"${PODS_ROOT}/Manifest.lock\" > /dev/null\nif [[ $? != 0 ]] ; then\n    cat << EOM\nerror: The sandbox is not in sync with the Podfile.lock. Run 'pod install' or update your CocoaPods installation.\nEOM\n    exit 1\nfi\n";
			showEnvVarsInLog = 0;
		};
		EB0590F5D83350BCCE88ECCF /* 📦 Copy Pods Resources */ = {
			isa = PBXShellScriptBuildPhase;
			buildActionMask = 2147483647;
			files = (
			);
			inputPaths = (
			);
			name = "📦 Copy Pods Resources";
			outputPaths = (
			);
			runOnlyForDeploymentPostprocessing = 0;
			shellPath = /bin/sh;
			shellScript = "\"${SRCROOT}/Pods/Target Support Files/Pods-AsyncExample iOS/Pods-AsyncExample iOS-resources.sh\"\n";
			showEnvVarsInLog = 0;
		};
/* End PBXShellScriptBuildPhase section */

/* Begin PBXSourcesBuildPhase section */
		146ED8EF1BDF321000347390 /* Sources */ = {
			isa = PBXSourcesBuildPhase;
			buildActionMask = 2147483647;
			files = (
				4EC98A431BE02B2200A2EB40 /* AppDelegate.swift in Sources */,
				4EC98A421BE02B1F00A2EB40 /* ViewController.swift in Sources */,
			);
			runOnlyForDeploymentPostprocessing = 0;
		};
		4EF830971975952B00C5F0EE /* Sources */ = {
			isa = PBXSourcesBuildPhase;
			buildActionMask = 2147483647;
			files = (
				4EF830A41975952B00C5F0EE /* AppDelegate.swift in Sources */,
				4EF830A21975952B00C5F0EE /* ViewController.swift in Sources */,
			);
			runOnlyForDeploymentPostprocessing = 0;
		};
		4EF830C21975954B00C5F0EE /* Sources */ = {
			isa = PBXSourcesBuildPhase;
			buildActionMask = 2147483647;
			files = (
				4EF830CD1975954B00C5F0EE /* ViewController.swift in Sources */,
				4EF830CB1975954B00C5F0EE /* AppDelegate.swift in Sources */,
			);
			runOnlyForDeploymentPostprocessing = 0;
		};
/* End PBXSourcesBuildPhase section */

/* Begin PBXVariantGroup section */
		146ED8EA1BDF312F00347390 /* Main.storyboard */ = {
			isa = PBXVariantGroup;
			children = (
				146ED8EB1BDF312F00347390 /* Base */,
			);
			name = Main.storyboard;
			sourceTree = "<group>";
		};
		4EF830A71975952B00C5F0EE /* Main.storyboard */ = {
			isa = PBXVariantGroup;
			children = (
				4EF830A81975952B00C5F0EE /* Base */,
			);
			name = Main.storyboard;
			sourceTree = "<group>";
		};
		4EF830CE1975954B00C5F0EE /* Main.storyboard */ = {
			isa = PBXVariantGroup;
			children = (
				4EF830CF1975954B00C5F0EE /* Base */,
			);
			name = Main.storyboard;
			sourceTree = "<group>";
		};
/* End PBXVariantGroup section */

/* Begin XCBuildConfiguration section */
		146ED9001BDF321000347390 /* Debug */ = {
			isa = XCBuildConfiguration;
			baseConfigurationReference = 28B13B03A9F70C56980CDFC4 /* Pods-AsyncExample tvOS.debug.xcconfig */;
			buildSettings = {
				ALWAYS_EMBED_SWIFT_STANDARD_LIBRARIES = YES;
				ASSETCATALOG_COMPILER_APPICON_NAME = "App Icon & Top Shelf Image";
				ASSETCATALOG_COMPILER_LAUNCHIMAGE_NAME = LaunchImage;
				DEBUG_INFORMATION_FORMAT = dwarf;
				GCC_NO_COMMON_BLOCKS = YES;
				INFOPLIST_FILE = "AsyncExample tvOS/Info.plist";
				LD_RUNPATH_SEARCH_PATHS = "$(inherited) @executable_path/Frameworks";
				PRODUCT_BUNDLE_IDENTIFIER = "dk.developmunk.AsyncExample-tvOS";
				PRODUCT_NAME = "$(TARGET_NAME)";
				SDKROOT = appletvos;
				TARGETED_DEVICE_FAMILY = 3;
				TVOS_DEPLOYMENT_TARGET = 9.0;
			};
			name = Debug;
		};
		146ED9011BDF321000347390 /* Release */ = {
			isa = XCBuildConfiguration;
			baseConfigurationReference = D8CE59AC46E47FA5EA55E8C4 /* Pods-AsyncExample tvOS.release.xcconfig */;
			buildSettings = {
				ALWAYS_EMBED_SWIFT_STANDARD_LIBRARIES = YES;
				ASSETCATALOG_COMPILER_APPICON_NAME = "App Icon & Top Shelf Image";
				ASSETCATALOG_COMPILER_LAUNCHIMAGE_NAME = LaunchImage;
				COPY_PHASE_STRIP = NO;
				DEBUG_INFORMATION_FORMAT = "dwarf-with-dsym";
				GCC_NO_COMMON_BLOCKS = YES;
				INFOPLIST_FILE = "AsyncExample tvOS/Info.plist";
				LD_RUNPATH_SEARCH_PATHS = "$(inherited) @executable_path/Frameworks";
				PRODUCT_BUNDLE_IDENTIFIER = "dk.developmunk.AsyncExample-tvOS";
				PRODUCT_NAME = "$(TARGET_NAME)";
				SDKROOT = appletvos;
				TARGETED_DEVICE_FAMILY = 3;
				TVOS_DEPLOYMENT_TARGET = 9.0;
			};
			name = Release;
		};
		4EF8308F1975950F00C5F0EE /* Debug */ = {
			isa = XCBuildConfiguration;
			buildSettings = {
				ALWAYS_SEARCH_USER_PATHS = NO;
				CLANG_CXX_LANGUAGE_STANDARD = "gnu++0x";
				CLANG_CXX_LIBRARY = "libc++";
				CLANG_ENABLE_MODULES = YES;
				CLANG_ENABLE_OBJC_ARC = YES;
				CLANG_WARN_BOOL_CONVERSION = YES;
				CLANG_WARN_CONSTANT_CONVERSION = YES;
				CLANG_WARN_DIRECT_OBJC_ISA_USAGE = YES_ERROR;
				CLANG_WARN_EMPTY_BODY = YES;
				CLANG_WARN_ENUM_CONVERSION = YES;
				CLANG_WARN_INFINITE_RECURSION = YES;
				CLANG_WARN_INT_CONVERSION = YES;
				CLANG_WARN_OBJC_ROOT_CLASS = YES_ERROR;
				CLANG_WARN_SUSPICIOUS_MOVE = YES;
				CLANG_WARN_UNREACHABLE_CODE = YES;
				CLANG_WARN__DUPLICATE_METHOD_MATCH = YES;
				"CODE_SIGN_IDENTITY[sdk=iphoneos*]" = "iPhone Developer";
				COPY_PHASE_STRIP = NO;
				ENABLE_STRICT_OBJC_MSGSEND = YES;
				ENABLE_TESTABILITY = YES;
				GCC_C_LANGUAGE_STANDARD = gnu99;
				GCC_DYNAMIC_NO_PIC = NO;
				GCC_NO_COMMON_BLOCKS = YES;
				GCC_OPTIMIZATION_LEVEL = 0;
				GCC_PREPROCESSOR_DEFINITIONS = (
					"DEBUG=1",
					"$(inherited)",
				);
				GCC_SYMBOLS_PRIVATE_EXTERN = NO;
				GCC_WARN_64_TO_32_BIT_CONVERSION = YES;
				GCC_WARN_ABOUT_RETURN_TYPE = YES_ERROR;
				GCC_WARN_UNDECLARED_SELECTOR = YES;
				GCC_WARN_UNINITIALIZED_AUTOS = YES_AGGRESSIVE;
				GCC_WARN_UNUSED_FUNCTION = YES;
				GCC_WARN_UNUSED_VARIABLE = YES;
				IPHONEOS_DEPLOYMENT_TARGET = 8.0;
				MTL_ENABLE_DEBUG_INFO = YES;
				ONLY_ACTIVE_ARCH = YES;
				SDKROOT = iphoneos;
				SWIFT_OPTIMIZATION_LEVEL = "-Onone";
				SWIFT_VERSION = 3.0;
				TARGETED_DEVICE_FAMILY = "1,2";
			};
			name = Debug;
		};
		4EF830901975950F00C5F0EE /* Release */ = {
			isa = XCBuildConfiguration;
			buildSettings = {
				ALWAYS_SEARCH_USER_PATHS = NO;
				CLANG_CXX_LANGUAGE_STANDARD = "gnu++0x";
				CLANG_CXX_LIBRARY = "libc++";
				CLANG_ENABLE_MODULES = YES;
				CLANG_ENABLE_OBJC_ARC = YES;
				CLANG_WARN_BOOL_CONVERSION = YES;
				CLANG_WARN_CONSTANT_CONVERSION = YES;
				CLANG_WARN_DIRECT_OBJC_ISA_USAGE = YES_ERROR;
				CLANG_WARN_EMPTY_BODY = YES;
				CLANG_WARN_ENUM_CONVERSION = YES;
				CLANG_WARN_INFINITE_RECURSION = YES;
				CLANG_WARN_INT_CONVERSION = YES;
				CLANG_WARN_OBJC_ROOT_CLASS = YES_ERROR;
				CLANG_WARN_SUSPICIOUS_MOVE = YES;
				CLANG_WARN_UNREACHABLE_CODE = YES;
				CLANG_WARN__DUPLICATE_METHOD_MATCH = YES;
				"CODE_SIGN_IDENTITY[sdk=iphoneos*]" = "iPhone Developer";
				COPY_PHASE_STRIP = YES;
				ENABLE_NS_ASSERTIONS = NO;
				ENABLE_STRICT_OBJC_MSGSEND = YES;
				GCC_C_LANGUAGE_STANDARD = gnu99;
				GCC_NO_COMMON_BLOCKS = YES;
				GCC_WARN_64_TO_32_BIT_CONVERSION = YES;
				GCC_WARN_ABOUT_RETURN_TYPE = YES_ERROR;
				GCC_WARN_UNDECLARED_SELECTOR = YES;
				GCC_WARN_UNINITIALIZED_AUTOS = YES_AGGRESSIVE;
				GCC_WARN_UNUSED_FUNCTION = YES;
				GCC_WARN_UNUSED_VARIABLE = YES;
				IPHONEOS_DEPLOYMENT_TARGET = 8.0;
				MTL_ENABLE_DEBUG_INFO = NO;
				SDKROOT = iphoneos;
				SWIFT_OPTIMIZATION_LEVEL = "-Owholemodule";
				SWIFT_VERSION = 3.0;
				TARGETED_DEVICE_FAMILY = "1,2";
				VALIDATE_PRODUCT = YES;
			};
			name = Release;
		};
		4EF830B71975952B00C5F0EE /* Debug */ = {
			isa = XCBuildConfiguration;
			baseConfigurationReference = E245DB3718AE9E052D4F00BE /* Pods-AsyncExample OS X.debug.xcconfig */;
			buildSettings = {
				ALWAYS_EMBED_SWIFT_STANDARD_LIBRARIES = YES;
				ASSETCATALOG_COMPILER_APPICON_NAME = AppIcon;
				COMBINE_HIDPI_IMAGES = YES;
				GCC_PREPROCESSOR_DEFINITIONS = (
					"DEBUG=1",
					"$(inherited)",
				);
				INFOPLIST_FILE = "AsyncExample OS X/Info.plist";
				LD_RUNPATH_SEARCH_PATHS = "$(inherited) @executable_path/../Frameworks";
				MACOSX_DEPLOYMENT_TARGET = 10.10;
				OTHER_CODE_SIGN_FLAGS = "-deep";
				PRODUCT_BUNDLE_IDENTIFIER = "dk.developmunk.${PRODUCT_NAME:rfc1034identifier}";
				PRODUCT_NAME = "AsyncExample OS X";
				PROVISIONING_PROFILE = "";
				SDKROOT = macosx;
			};
			name = Debug;
		};
		4EF830B81975952B00C5F0EE /* Release */ = {
			isa = XCBuildConfiguration;
			baseConfigurationReference = 814059C2443E7390BB7151F2 /* Pods-AsyncExample OS X.release.xcconfig */;
			buildSettings = {
				ALWAYS_EMBED_SWIFT_STANDARD_LIBRARIES = YES;
				ASSETCATALOG_COMPILER_APPICON_NAME = AppIcon;
				COMBINE_HIDPI_IMAGES = YES;
				DEBUG_INFORMATION_FORMAT = "dwarf-with-dsym";
				INFOPLIST_FILE = "AsyncExample OS X/Info.plist";
				LD_RUNPATH_SEARCH_PATHS = "$(inherited) @executable_path/../Frameworks";
				MACOSX_DEPLOYMENT_TARGET = 10.10;
				OTHER_CODE_SIGN_FLAGS = "-deep";
				PRODUCT_BUNDLE_IDENTIFIER = "dk.developmunk.${PRODUCT_NAME:rfc1034identifier}";
				PRODUCT_NAME = "AsyncExample OS X";
				PROVISIONING_PROFILE = "";
				SDKROOT = macosx;
			};
			name = Release;
		};
		4EF830E01975954B00C5F0EE /* Debug */ = {
			isa = XCBuildConfiguration;
			baseConfigurationReference = DFD1AB7AE290FEB64261BD7F /* Pods-AsyncExample iOS.debug.xcconfig */;
			buildSettings = {
				ALWAYS_EMBED_SWIFT_STANDARD_LIBRARIES = YES;
				ASSETCATALOG_COMPILER_APPICON_NAME = AppIcon;
				ASSETCATALOG_COMPILER_LAUNCHIMAGE_NAME = LaunchImage;
				GCC_PREPROCESSOR_DEFINITIONS = (
					"DEBUG=1",
					"$(inherited)",
				);
				INFOPLIST_FILE = "AsyncExample iOS/Info.plist";
				LD_RUNPATH_SEARCH_PATHS = "$(inherited) @executable_path/Frameworks";
				PRODUCT_BUNDLE_IDENTIFIER = "dk.developmunk.${PRODUCT_NAME:rfc1034identifier}";
				PRODUCT_NAME = "AsyncExample iOS";
			};
			name = Debug;
		};
		4EF830E11975954B00C5F0EE /* Release */ = {
			isa = XCBuildConfiguration;
			baseConfigurationReference = 96F898A47080C7E249C01A72 /* Pods-AsyncExample iOS.release.xcconfig */;
			buildSettings = {
				ALWAYS_EMBED_SWIFT_STANDARD_LIBRARIES = YES;
				ASSETCATALOG_COMPILER_APPICON_NAME = AppIcon;
				ASSETCATALOG_COMPILER_LAUNCHIMAGE_NAME = LaunchImage;
				INFOPLIST_FILE = "AsyncExample iOS/Info.plist";
				LD_RUNPATH_SEARCH_PATHS = "$(inherited) @executable_path/Frameworks";
				PRODUCT_BUNDLE_IDENTIFIER = "dk.developmunk.${PRODUCT_NAME:rfc1034identifier}";
				PRODUCT_NAME = "AsyncExample iOS";
			};
			name = Release;
		};
/* End XCBuildConfiguration section */

/* Begin XCConfigurationList section */
		146ED8FF1BDF321000347390 /* Build configuration list for PBXNativeTarget "AsyncExample tvOS" */ = {
			isa = XCConfigurationList;
			buildConfigurations = (
				146ED9001BDF321000347390 /* Debug */,
				146ED9011BDF321000347390 /* Release */,
			);
			defaultConfigurationIsVisible = 0;
			defaultConfigurationName = Release;
		};
		4EF830701975950F00C5F0EE /* Build configuration list for PBXProject "AsyncPodsExample" */ = {
			isa = XCConfigurationList;
			buildConfigurations = (
				4EF8308F1975950F00C5F0EE /* Debug */,
				4EF830901975950F00C5F0EE /* Release */,
			);
			defaultConfigurationIsVisible = 0;
			defaultConfigurationName = Release;
		};
		4EF830B61975952B00C5F0EE /* Build configuration list for PBXNativeTarget "AsyncExample OS X" */ = {
			isa = XCConfigurationList;
			buildConfigurations = (
				4EF830B71975952B00C5F0EE /* Debug */,
				4EF830B81975952B00C5F0EE /* Release */,
			);
			defaultConfigurationIsVisible = 0;
			defaultConfigurationName = Release;
		};
		4EF830DF1975954B00C5F0EE /* Build configuration list for PBXNativeTarget "AsyncExample iOS" */ = {
			isa = XCConfigurationList;
			buildConfigurations = (
				4EF830E01975954B00C5F0EE /* Debug */,
				4EF830E11975954B00C5F0EE /* Release */,
			);
			defaultConfigurationIsVisible = 0;
			defaultConfigurationName = Release;
		};
/* End XCConfigurationList section */
	};
	rootObject = 4EF8306D1975950F00C5F0EE /* Project object */;
}
